
Microsoft Visual Studio Solution File, Format Version 12.00
# Visual Studio Version 17
VisualStudioVersion = 17.1.32407.343
MinimumVisualStudioVersion = 10.0.40219.1
Project("{FAE04EC0-301F-11D3-BF4B-00C04F79EFBC}") = "Galactica_[rasm98m5]", "Galactica_[rasm98m5]\Galactica_[rasm98m5].csproj", "{15763B45-7A43-4AA8-9007-DCFACD95272B}"
EndProject
Global
	GlobalSection(SolutionConfigurationPlatforms) = preSolution
		Debug|Any CPU = Debug|Any CPU
		Release|Any CPU = Release|Any CPU
	EndGlobalSection
	GlobalSection(ProjectConfigurationPlatforms) = postSolution
		{15763B45-7A43-4AA8-9007-DCFACD95272B}.Debug|Any CPU.ActiveCfg = Debug|Any CPU
		{15763B45-7A43-4AA8-9007-DCFACD95272B}.Debug|Any CPU.Build.0 = Debug|Any CPU
		{15763B45-7A43-4AA8-9007-DCFACD95272B}.Release|Any CPU.ActiveCfg = Release|Any CPU
		{15763B45-7A43-4AA8-9007-DCFACD95272B}.Release|Any CPU.Build.0 = Release|Any CPU
	EndGlobalSection
	GlobalSection(SolutionProperties) = preSolution
		HideSolutionNode = FALSE
	EndGlobalSection
	GlobalSection(ExtensibilityGlobals) = postSolution
		SolutionGuid = {4E31AECF-8F44-4FEA-BF47-FADFF549FAF1}
	EndGlobalSection
EndGlobal
